
Microsoft Visual Studio Solution File, Format Version 12.00
# Visual Studio Version 17
VisualStudioVersion = 17.14.36310.24 d17.14
MinimumVisualStudioVersion = 10.0.40219.1
Project("{FAE04EC0-301F-11D3-BF4B-00C04F79EFBC}") = "app.laganga.com", "app.laganga.com\app.laganga.com\app.laganga.com.csproj", "{9EF524F1-5ED0-479D-B8DD-351C2A6DA32D}"
EndProject
Project("{FAE04EC0-301F-11D3-BF4B-00C04F79EFBC}") = "app.laganga.com.Shared", "app.laganga.com\app.laganga.com.Shared\app.laganga.com.Shared.csproj", "{61FB8E03-1C9F-4CF5-9AB5-8F702655D8E4}"
EndProject
Project("{FAE04EC0-301F-11D3-BF4B-00C04F79EFBC}") = "app.laganga.com.Web", "app.laganga.com\app.laganga.com.Web\app.laganga.com.Web.csproj", "{814CC689-9F09-4BD8-8344-0AB3AD4B2B04}"
EndProject
Global
	GlobalSection(SolutionConfigurationPlatforms) = preSolution
		Debug|Any CPU = Debug|Any CPU
		Release|Any CPU = Release|Any CPU
	EndGlobalSection
	GlobalSection(ProjectConfigurationPlatforms) = postSolution
		{9EF524F1-5ED0-479D-B8DD-351C2A6DA32D}.Debug|Any CPU.ActiveCfg = Debug|Any CPU
		{9EF524F1-5ED0-479D-B8DD-351C2A6DA32D}.Debug|Any CPU.Build.0 = Debug|Any CPU
		{9EF524F1-5ED0-479D-B8DD-351C2A6DA32D}.Release|Any CPU.ActiveCfg = Release|Any CPU
		{9EF524F1-5ED0-479D-B8DD-351C2A6DA32D}.Release|Any CPU.Build.0 = Release|Any CPU
		{61FB8E03-1C9F-4CF5-9AB5-8F702655D8E4}.Debug|Any CPU.ActiveCfg = Debug|Any CPU
		{61FB8E03-1C9F-4CF5-9AB5-8F702655D8E4}.Debug|Any CPU.Build.0 = Debug|Any CPU
		{61FB8E03-1C9F-4CF5-9AB5-8F702655D8E4}.Release|Any CPU.ActiveCfg = Release|Any CPU
		{61FB8E03-1C9F-4CF5-9AB5-8F702655D8E4}.Release|Any CPU.Build.0 = Release|Any CPU
		{814CC689-9F09-4BD8-8344-0AB3AD4B2B04}.Debug|Any CPU.ActiveCfg = Debug|Any CPU
		{814CC689-9F09-4BD8-8344-0AB3AD4B2B04}.Debug|Any CPU.Build.0 = Debug|Any CPU
		{814CC689-9F09-4BD8-8344-0AB3AD4B2B04}.Release|Any CPU.ActiveCfg = Release|Any CPU
		{814CC689-9F09-4BD8-8344-0AB3AD4B2B04}.Release|Any CPU.Build.0 = Release|Any CPU
	EndGlobalSection
	GlobalSection(SolutionProperties) = preSolution
		HideSolutionNode = FALSE
	EndGlobalSection
	GlobalSection(ExtensibilityGlobals) = postSolution
		SolutionGuid = {C419753F-65D1-438B-AA29-50114A99D297}
	EndGlobalSection
EndGlobal
